
Microsoft Visual Studio Solution File, Format Version 12.00
# Visual Studio Version 17
VisualStudioVersion = 17.2.32210.308
MinimumVisualStudioVersion = 10.0.40219.1
Project("{2150E333-8FDC-42A3-9474-1A3956D46DE8}") = "Solution Items", "Solution Items", "{F0ACBF7A-398D-42F1-8ADF-67A782F38C01}"
	ProjectSection(SolutionItems) = preProject
		.gitignore = .gitignore
		LICENSE = LICENSE
		README.md = README.md
	EndProjectSection
EndProject
Project("{2150E333-8FDC-42A3-9474-1A3956D46DE8}") = "src", "src", "{F98BA79B-B65C-4F76-87B9-52AC5CBB0558}"
EndProject
Project("{2150E333-8FDC-42A3-9474-1A3956D46DE8}") = "tests", "tests", "{16D926E3-E821-4E62-9449-9102FFFE2BBC}"
EndProject
Project("{FAE04EC0-301F-11D3-BF4B-00C04F79EFBC}") = "Rise.Blazor.App", "src\Rise.Blazor.App\Rise.Blazor.App.csproj", "{5FC7220C-2DC9-4B6D-BED8-577249514782}"
EndProject
Global
	GlobalSection(SolutionConfigurationPlatforms) = preSolution
		Debug|Any CPU = Debug|Any CPU
		Release|Any CPU = Release|Any CPU
	EndGlobalSection
	GlobalSection(ProjectConfigurationPlatforms) = postSolution
		{5FC7220C-2DC9-4B6D-BED8-577249514782}.Debug|Any CPU.ActiveCfg = Debug|Any CPU
		{5FC7220C-2DC9-4B6D-BED8-577249514782}.Debug|Any CPU.Build.0 = Debug|Any CPU
		{5FC7220C-2DC9-4B6D-BED8-577249514782}.Release|Any CPU.ActiveCfg = Release|Any CPU
		{5FC7220C-2DC9-4B6D-BED8-577249514782}.Release|Any CPU.Build.0 = Release|Any CPU
	EndGlobalSection
	GlobalSection(SolutionProperties) = preSolution
		HideSolutionNode = FALSE
	EndGlobalSection
	GlobalSection(NestedProjects) = preSolution
		{5FC7220C-2DC9-4B6D-BED8-577249514782} = {F98BA79B-B65C-4F76-87B9-52AC5CBB0558}
	EndGlobalSection
	GlobalSection(ExtensibilityGlobals) = postSolution
		SolutionGuid = {45009BA4-E3C8-4620-B3E4-ECA1751D0677}
	EndGlobalSection
EndGlobal
